
Microsoft Visual Studio Solution File, Format Version 12.00
# Visual Studio Version 17
VisualStudioVersion = 17.5.002.0
MinimumVisualStudioVersion = 10.0.40219.1
Project("{9A19103F-16F7-4668-BE54-9A1E7A4F7556}") = "HPImageViewerSample", "HPImageViewerSample.csproj", "{13261DEA-5A6D-49D4-9BE1-D32F2F8E908F}"
EndProject
Global
	GlobalSection(SolutionConfigurationPlatforms) = preSolution
		Debug|Any CPU = Debug|Any CPU
		Release|Any CPU = Release|Any CPU
	EndGlobalSection
	GlobalSection(ProjectConfigurationPlatforms) = postSolution
		{13261DEA-5A6D-49D4-9BE1-D32F2F8E908F}.Debug|Any CPU.ActiveCfg = Debug|Any CPU
		{13261DEA-5A6D-49D4-9BE1-D32F2F8E908F}.Debug|Any CPU.Build.0 = Debug|Any CPU
		{13261DEA-5A6D-49D4-9BE1-D32F2F8E908F}.Release|Any CPU.ActiveCfg = Release|Any CPU
		{13261DEA-5A6D-49D4-9BE1-D32F2F8E908F}.Release|Any CPU.Build.0 = Release|Any CPU
	EndGlobalSection
	GlobalSection(SolutionProperties) = preSolution
		HideSolutionNode = FALSE
	EndGlobalSection
	GlobalSection(ExtensibilityGlobals) = postSolution
		SolutionGuid = {99B09ABB-5E29-43F3-9FFA-BA090DEF5CDE}
	EndGlobalSection
EndGlobal
